// !$*UTF8*$!
{
	archiveVersion = 1;
	classes = {
	};
	objectVersion = 46;
	objects = {

/* Begin PBXBuildFile section */
		7679E1071DFBE20C00E378B1 /* UserNotifications.framework in Frameworks */ = {isa = PBXBuildFile; fileRef = B54C97F31DFA8362002F3F8F /* UserNotifications.framework */; };
		7679E1081DFBE20C00E378B1 /* UserNotificationsUI.framework in Frameworks */ = {isa = PBXBuildFile; fileRef = B54C97F51DFA8367002F3F8F /* UserNotificationsUI.framework */; };
		7679E10C1DFBE20C00E378B1 /* NotificationViewController.m in Sources */ = {isa = PBXBuildFile; fileRef = 7679E10B1DFBE20C00E378B1 /* NotificationViewController.m */; };
		7679E10F1DFBE20C00E378B1 /* MainInterface.storyboard in Resources */ = {isa = PBXBuildFile; fileRef = 7679E10D1DFBE20C00E378B1 /* MainInterface.storyboard */; };
		7679E1131DFBE20C00E378B1 /* NcExtensionUI.appex in Embed App Extensions */ = {isa = PBXBuildFile; fileRef = 7679E1061DFBE20C00E378B1 /* NcExtensionUI.appex */; settings = {ATTRIBUTES = (RemoveHeadersOnCopy, ); }; };
		7679E11A1DFBEFEE00E378B1 /* assembly.png in Resources */ = {isa = PBXBuildFile; fileRef = 7679E1191DFBEFEE00E378B1 /* assembly.png */; };
		B54C97B91DFA7F89002F3F8F /* main.m in Sources */ = {isa = PBXBuildFile; fileRef = B54C97B81DFA7F89002F3F8F /* main.m */; };
		B54C97BC1DFA7F89002F3F8F /* AppDelegate.m in Sources */ = {isa = PBXBuildFile; fileRef = B54C97BB1DFA7F89002F3F8F /* AppDelegate.m */; };
		B54C97BF1DFA7F89002F3F8F /* ViewController.m in Sources */ = {isa = PBXBuildFile; fileRef = B54C97BE1DFA7F89002F3F8F /* ViewController.m */; };
		B54C97C21DFA7F89002F3F8F /* Main.storyboard in Resources */ = {isa = PBXBuildFile; fileRef = B54C97C01DFA7F89002F3F8F /* Main.storyboard */; };
		B54C97C41DFA7F89002F3F8F /* Assets.xcassets in Resources */ = {isa = PBXBuildFile; fileRef = B54C97C31DFA7F89002F3F8F /* Assets.xcassets */; };
		B54C97C71DFA7F89002F3F8F /* LaunchScreen.storyboard in Resources */ = {isa = PBXBuildFile; fileRef = B54C97C51DFA7F89002F3F8F /* LaunchScreen.storyboard */; };
		B54C97D21DFA7F89002F3F8F /* com_hwabao_transactionTests.m in Sources */ = {isa = PBXBuildFile; fileRef = B54C97D11DFA7F89002F3F8F /* com_hwabao_transactionTests.m */; };
		B54C97DD1DFA7F89002F3F8F /* com_hwabao_transactionUITests.m in Sources */ = {isa = PBXBuildFile; fileRef = B54C97DC1DFA7F89002F3F8F /* com_hwabao_transactionUITests.m */; };
		B54C97F21DFA835C002F3F8F /* CFNetwork.framework in Frameworks */ = {isa = PBXBuildFile; fileRef = B54C97F11DFA835C002F3F8F /* CFNetwork.framework */; };
		B54C97F41DFA8362002F3F8F /* UserNotifications.framework in Frameworks */ = {isa = PBXBuildFile; fileRef = B54C97F31DFA8362002F3F8F /* UserNotifications.framework */; };
		B54C97F61DFA8367002F3F8F /* UserNotificationsUI.framework in Frameworks */ = {isa = PBXBuildFile; fileRef = B54C97F51DFA8367002F3F8F /* UserNotificationsUI.framework */; };
		B54C97F81DFA8373002F3F8F /* CoreFoundation.framework in Frameworks */ = {isa = PBXBuildFile; fileRef = B54C97F71DFA8373002F3F8F /* CoreFoundation.framework */; };
		B54C97FA1DFA837B002F3F8F /* CoreTelephony.framework in Frameworks */ = {isa = PBXBuildFile; fileRef = B54C97F91DFA837B002F3F8F /* CoreTelephony.framework */; };
		B54C97FC1DFA8381002F3F8F /* SystemConfiguration.framework in Frameworks */ = {isa = PBXBuildFile; fileRef = B54C97FB1DFA8381002F3F8F /* SystemConfiguration.framework */; };
		B54C97FE1DFA8388002F3F8F /* CoreGraphics.framework in Frameworks */ = {isa = PBXBuildFile; fileRef = B54C97FD1DFA8388002F3F8F /* CoreGraphics.framework */; };
		B54C98001DFA8397002F3F8F /* Foundation.framework in Frameworks */ = {isa = PBXBuildFile; fileRef = B54C97FF1DFA8397002F3F8F /* Foundation.framework */; };
		B54C98021DFA839C002F3F8F /* UIKit.framework in Frameworks */ = {isa = PBXBuildFile; fileRef = B54C98011DFA839C002F3F8F /* UIKit.framework */; };
		B54C98041DFA83A3002F3F8F /* Security.framework in Frameworks */ = {isa = PBXBuildFile; fileRef = B54C98031DFA83A3002F3F8F /* Security.framework */; };
		B54C98061DFA83AF002F3F8F /* libz.tbd in Frameworks */ = {isa = PBXBuildFile; fileRef = B54C98051DFA83AF002F3F8F /* libz.tbd */; };
		B54C98081DFA83B6002F3F8F /* AdSupport.framework in Frameworks */ = {isa = PBXBuildFile; fileRef = B54C98071DFA83B6002F3F8F /* AdSupport.framework */; };
		B54C980A1DFA83C5002F3F8F /* libresolv.tbd in Frameworks */ = {isa = PBXBuildFile; fileRef = B54C98091DFA83C5002F3F8F /* libresolv.tbd */; };
		B54C980D1DFA874B002F3F8F /* image1.png in Resources */ = {isa = PBXBuildFile; fileRef = B54C980C1DFA874A002F3F8F /* image1.png */; };
		B54C98161DFAB96B002F3F8F /* NotificationService.m in Sources */ = {isa = PBXBuildFile; fileRef = B54C98151DFAB96B002F3F8F /* NotificationService.m */; };
		B54C981A1DFAB96B002F3F8F /* NcServiceExtension.appex in Embed App Extensions */ = {isa = PBXBuildFile; fileRef = B54C98121DFAB96B002F3F8F /* NcServiceExtension.appex */; settings = {ATTRIBUTES = (RemoveHeadersOnCopy, ); }; };
/* End PBXBuildFile section */

/* Begin PBXContainerItemProxy section */
		7679E1111DFBE20C00E378B1 /* PBXContainerItemProxy */ = {
			isa = PBXContainerItemProxy;
			containerPortal = B54C97AC1DFA7F89002F3F8F /* Project object */;
			proxyType = 1;
			remoteGlobalIDString = 7679E1051DFBE20C00E378B1;
			remoteInfo = NcExtensionUI;
		};
		B54C97CE1DFA7F89002F3F8F /* PBXContainerItemProxy */ = {
			isa = PBXContainerItemProxy;
			containerPortal = B54C97AC1DFA7F89002F3F8F /* Project object */;
			proxyType = 1;
			remoteGlobalIDString = B54C97B31DFA7F89002F3F8F;
			remoteInfo = com.hwabao.transaction;
		};
		B54C97D91DFA7F89002F3F8F /* PBXContainerItemProxy */ = {
			isa = PBXContainerItemProxy;
			containerPortal = B54C97AC1DFA7F89002F3F8F /* Project object */;
			proxyType = 1;
			remoteGlobalIDString = B54C97B31DFA7F89002F3F8F;
			remoteInfo = com.hwabao.transaction;
		};
		B54C98181DFAB96B002F3F8F /* PBXContainerItemProxy */ = {
			isa = PBXContainerItemProxy;
			containerPortal = B54C97AC1DFA7F89002F3F8F /* Project object */;
			proxyType = 1;
			remoteGlobalIDString = B54C98111DFAB96B002F3F8F;
			remoteInfo = NcServiceExtension;
		};
/* End PBXContainerItemProxy section */

/* Begin PBXCopyFilesBuildPhase section */
		B54C981E1DFAB96B002F3F8F /* Embed App Extensions */ = {
			isa = PBXCopyFilesBuildPhase;
			buildActionMask = 2147483647;
			dstPath = "";
			dstSubfolderSpec = 13;
			files = (
				B54C981A1DFAB96B002F3F8F /* NcServiceExtension.appex in Embed App Extensions */,
				7679E1131DFBE20C00E378B1 /* NcExtensionUI.appex in Embed App Extensions */,
			);
			name = "Embed App Extensions";
			runOnlyForDeploymentPostprocessing = 0;
		};
/* End PBXCopyFilesBuildPhase section */

/* Begin PBXFileReference section */
		7679E1011DFBD0B200E378B1 /* NcServiceExtension.entitlements */ = {isa = PBXFileReference; lastKnownFileType = text.plist.entitlements; path = NcServiceExtension.entitlements; sourceTree = "<group>"; };
		7679E1061DFBE20C00E378B1 /* NcExtensionUI.appex */ = {isa = PBXFileReference; explicitFileType = "wrapper.app-extension"; includeInIndex = 0; path = NcExtensionUI.appex; sourceTree = BUILT_PRODUCTS_DIR; };
		7679E10A1DFBE20C00E378B1 /* NotificationViewController.h */ = {isa = PBXFileReference; lastKnownFileType = sourcecode.c.h; path = NotificationViewController.h; sourceTree = "<group>"; };
		7679E10B1DFBE20C00E378B1 /* NotificationViewController.m */ = {isa = PBXFileReference; lastKnownFileType = sourcecode.c.objc; path = NotificationViewController.m; sourceTree = "<group>"; };
		7679E10E1DFBE20C00E378B1 /* Base */ = {isa = PBXFileReference; lastKnownFileType = file.storyboard; name = Base; path = Base.lproj/MainInterface.storyboard; sourceTree = "<group>"; };
		7679E1101DFBE20C00E378B1 /* Info.plist */ = {isa = PBXFileReference; lastKnownFileType = text.plist.xml; path = Info.plist; sourceTree = "<group>"; };
		7679E1191DFBEFEE00E378B1 /* assembly.png */ = {isa = PBXFileReference; lastKnownFileType = image.png; path = assembly.png; sourceTree = "<group>"; };
		76CDFC5B1E0E380B000BAB08 /* NcExtensionUI.entitlements */ = {isa = PBXFileReference; lastKnownFileType = text.plist.entitlements; path = NcExtensionUI.entitlements; sourceTree = "<group>"; };
		B54C97B41DFA7F89002F3F8F /* fly.app */ = {isa = PBXFileReference; explicitFileType = wrapper.application; includeInIndex = 0; path = fly.app; sourceTree = BUILT_PRODUCTS_DIR; };
		B54C97B81DFA7F89002F3F8F /* main.m */ = {isa = PBXFileReference; lastKnownFileType = sourcecode.c.objc; path = main.m; sourceTree = "<group>"; };
		B54C97BA1DFA7F89002F3F8F /* AppDelegate.h */ = {isa = PBXFileReference; lastKnownFileType = sourcecode.c.h; path = AppDelegate.h; sourceTree = "<group>"; };
		B54C97BB1DFA7F89002F3F8F /* AppDelegate.m */ = {isa = PBXFileReference; lastKnownFileType = sourcecode.c.objc; path = AppDelegate.m; sourceTree = "<group>"; };
		B54C97BD1DFA7F89002F3F8F /* ViewController.h */ = {isa = PBXFileReference; lastKnownFileType = sourcecode.c.h; path = ViewController.h; sourceTree = "<group>"; };
		B54C97BE1DFA7F89002F3F8F /* ViewController.m */ = {isa = PBXFileReference; lastKnownFileType = sourcecode.c.objc; path = ViewController.m; sourceTree = "<group>"; };
		B54C97C11DFA7F89002F3F8F /* Base */ = {isa = PBXFileReference; lastKnownFileType = file.storyboard; name = Base; path = Base.lproj/Main.storyboard; sourceTree = "<group>"; };
		B54C97C31DFA7F89002F3F8F /* Assets.xcassets */ = {isa = PBXFileReference; lastKnownFileType = folder.assetcatalog; path = Assets.xcassets; sourceTree = "<group>"; };
		B54C97C61DFA7F89002F3F8F /* Base */ = {isa = PBXFileReference; lastKnownFileType = file.storyboard; name = Base; path = Base.lproj/LaunchScreen.storyboard; sourceTree = "<group>"; };
		B54C97C81DFA7F89002F3F8F /* Info.plist */ = {isa = PBXFileReference; lastKnownFileType = text.plist.xml; path = Info.plist; sourceTree = "<group>"; };
		B54C97CD1DFA7F89002F3F8F /* com.hwabao.transactionTests.xctest */ = {isa = PBXFileReference; explicitFileType = wrapper.cfbundle; includeInIndex = 0; path = com.hwabao.transactionTests.xctest; sourceTree = BUILT_PRODUCTS_DIR; };
		B54C97D11DFA7F89002F3F8F /* com_hwabao_transactionTests.m */ = {isa = PBXFileReference; lastKnownFileType = sourcecode.c.objc; path = com_hwabao_transactionTests.m; sourceTree = "<group>"; };
		B54C97D31DFA7F89002F3F8F /* Info.plist */ = {isa = PBXFileReference; lastKnownFileType = text.plist.xml; path = Info.plist; sourceTree = "<group>"; };
		B54C97D81DFA7F89002F3F8F /* com.hwabao.transactionUITests.xctest */ = {isa = PBXFileReference; explicitFileType = wrapper.cfbundle; includeInIndex = 0; path = com.hwabao.transactionUITests.xctest; sourceTree = BUILT_PRODUCTS_DIR; };
		B54C97DC1DFA7F89002F3F8F /* com_hwabao_transactionUITests.m */ = {isa = PBXFileReference; lastKnownFileType = sourcecode.c.objc; path = com_hwabao_transactionUITests.m; sourceTree = "<group>"; };
		B54C97DE1DFA7F89002F3F8F /* Info.plist */ = {isa = PBXFileReference; lastKnownFileType = text.plist.xml; path = Info.plist; sourceTree = "<group>"; };
		B54C97F11DFA835C002F3F8F /* CFNetwork.framework */ = {isa = PBXFileReference; lastKnownFileType = wrapper.framework; name = CFNetwork.framework; path = System/Library/Frameworks/CFNetwork.framework; sourceTree = SDKROOT; };
		B54C97F31DFA8362002F3F8F /* UserNotifications.framework */ = {isa = PBXFileReference; lastKnownFileType = wrapper.framework; name = UserNotifications.framework; path = System/Library/Frameworks/UserNotifications.framework; sourceTree = SDKROOT; };
		B54C97F51DFA8367002F3F8F /* UserNotificationsUI.framework */ = {isa = PBXFileReference; lastKnownFileType = wrapper.framework; name = UserNotificationsUI.framework; path = System/Library/Frameworks/UserNotificationsUI.framework; sourceTree = SDKROOT; };
		B54C97F71DFA8373002F3F8F /* CoreFoundation.framework */ = {isa = PBXFileReference; lastKnownFileType = wrapper.framework; name = CoreFoundation.framework; path = System/Library/Frameworks/CoreFoundation.framework; sourceTree = SDKROOT; };
		B54C97F91DFA837B002F3F8F /* CoreTelephony.framework */ = {isa = PBXFileReference; lastKnownFileType = wrapper.framework; name = CoreTelephony.framework; path = System/Library/Frameworks/CoreTelephony.framework; sourceTree = SDKROOT; };
		B54C97FB1DFA8381002F3F8F /* SystemConfiguration.framework */ = {isa = PBXFileReference; lastKnownFileType = wrapper.framework; name = SystemConfiguration.framework; path = System/Library/Frameworks/SystemConfiguration.framework; sourceTree = SDKROOT; };
		B54C97FD1DFA8388002F3F8F /* CoreGraphics.framework */ = {isa = PBXFileReference; lastKnownFileType = wrapper.framework; name = CoreGraphics.framework; path = System/Library/Frameworks/CoreGraphics.framework; sourceTree = SDKROOT; };
		B54C97FF1DFA8397002F3F8F /* Foundation.framework */ = {isa = PBXFileReference; lastKnownFileType = wrapper.framework; name = Foundation.framework; path = System/Library/Frameworks/Foundation.framework; sourceTree = SDKROOT; };
		B54C98011DFA839C002F3F8F /* UIKit.framework */ = {isa = PBXFileReference; lastKnownFileType = wrapper.framework; name = UIKit.framework; path = System/Library/Frameworks/UIKit.framework; sourceTree = SDKROOT; };
		B54C98031DFA83A3002F3F8F /* Security.framework */ = {isa = PBXFileReference; lastKnownFileType = wrapper.framework; name = Security.framework; path = System/Library/Frameworks/Security.framework; sourceTree = SDKROOT; };
		B54C98051DFA83AF002F3F8F /* libz.tbd */ = {isa = PBXFileReference; lastKnownFileType = "sourcecode.text-based-dylib-definition"; name = libz.tbd; path = usr/lib/libz.tbd; sourceTree = SDKROOT; };
		B54C98071DFA83B6002F3F8F /* AdSupport.framework */ = {isa = PBXFileReference; lastKnownFileType = wrapper.framework; name = AdSupport.framework; path = System/Library/Frameworks/AdSupport.framework; sourceTree = SDKROOT; };
		B54C98091DFA83C5002F3F8F /* libresolv.tbd */ = {isa = PBXFileReference; lastKnownFileType = "sourcecode.text-based-dylib-definition"; name = libresolv.tbd; path = usr/lib/libresolv.tbd; sourceTree = SDKROOT; };
		B54C980B1DFA83D2002F3F8F /* fly.entitlements */ = {isa = PBXFileReference; lastKnownFileType = text.plist.entitlements; path = fly.entitlements; sourceTree = "<group>"; };
		B54C980C1DFA874A002F3F8F /* image1.png */ = {isa = PBXFileReference; lastKnownFileType = image.png; path = image1.png; sourceTree = "<group>"; };
		B54C98121DFAB96B002F3F8F /* NcServiceExtension.appex */ = {isa = PBXFileReference; explicitFileType = "wrapper.app-extension"; includeInIndex = 0; path = NcServiceExtension.appex; sourceTree = BUILT_PRODUCTS_DIR; };
		B54C98141DFAB96B002F3F8F /* NotificationService.h */ = {isa = PBXFileReference; lastKnownFileType = sourcecode.c.h; path = NotificationService.h; sourceTree = "<group>"; };
		B54C98151DFAB96B002F3F8F /* NotificationService.m */ = {isa = PBXFileReference; lastKnownFileType = sourcecode.c.objc; path = NotificationService.m; sourceTree = "<group>"; };
		B54C98171DFAB96B002F3F8F /* Info.plist */ = {isa = PBXFileReference; lastKnownFileType = text.plist.xml; path = Info.plist; sourceTree = "<group>"; };
/* End PBXFileReference section */

/* Begin PBXFrameworksBuildPhase section */
		7679E1031DFBE20C00E378B1 /* Frameworks */ = {
			isa = PBXFrameworksBuildPhase;
			buildActionMask = 2147483647;
			files = (
				7679E1081DFBE20C00E378B1 /* UserNotificationsUI.framework in Frameworks */,
				7679E1071DFBE20C00E378B1 /* UserNotifications.framework in Frameworks */,
			);
			runOnlyForDeploymentPostprocessing = 0;
		};
		B54C97B11DFA7F89002F3F8F /* Frameworks */ = {
			isa = PBXFrameworksBuildPhase;
			buildActionMask = 2147483647;
			files = (
				B54C980A1DFA83C5002F3F8F /* libresolv.tbd in Frameworks */,
				B54C98081DFA83B6002F3F8F /* AdSupport.framework in Frameworks */,
				B54C98061DFA83AF002F3F8F /* libz.tbd in Frameworks */,
				B54C98041DFA83A3002F3F8F /* Security.framework in Frameworks */,
				B54C98021DFA839C002F3F8F /* UIKit.framework in Frameworks */,
				B54C98001DFA8397002F3F8F /* Foundation.framework in Frameworks */,
				B54C97FE1DFA8388002F3F8F /* CoreGraphics.framework in Frameworks */,
				B54C97FC1DFA8381002F3F8F /* SystemConfiguration.framework in Frameworks */,
				B54C97FA1DFA837B002F3F8F /* CoreTelephony.framework in Frameworks */,
				B54C97F81DFA8373002F3F8F /* CoreFoundation.framework in Frameworks */,
				B54C97F61DFA8367002F3F8F /* UserNotificationsUI.framework in Frameworks */,
				B54C97F41DFA8362002F3F8F /* UserNotifications.framework in Frameworks */,
				B54C97F21DFA835C002F3F8F /* CFNetwork.framework in Frameworks */,
			);
			runOnlyForDeploymentPostprocessing = 0;
		};
		B54C97CA1DFA7F89002F3F8F /* Frameworks */ = {
			isa = PBXFrameworksBuildPhase;
			buildActionMask = 2147483647;
			files = (
			);
			runOnlyForDeploymentPostprocessing = 0;
		};
		B54C97D51DFA7F89002F3F8F /* Frameworks */ = {
			isa = PBXFrameworksBuildPhase;
			buildActionMask = 2147483647;
			files = (
			);
			runOnlyForDeploymentPostprocessing = 0;
		};
		B54C980F1DFAB96B002F3F8F /* Frameworks */ = {
			isa = PBXFrameworksBuildPhase;
			buildActionMask = 2147483647;
			files = (
			);
			runOnlyForDeploymentPostprocessing = 0;
		};
/* End PBXFrameworksBuildPhase section */

/* Begin PBXGroup section */
		7679E1091DFBE20C00E378B1 /* NcExtensionUI */ = {
			isa = PBXGroup;
			children = (
				76CDFC5B1E0E380B000BAB08 /* NcExtensionUI.entitlements */,
				7679E1191DFBEFEE00E378B1 /* assembly.png */,
				7679E10A1DFBE20C00E378B1 /* NotificationViewController.h */,
				7679E10B1DFBE20C00E378B1 /* NotificationViewController.m */,
				7679E10D1DFBE20C00E378B1 /* MainInterface.storyboard */,
				7679E1101DFBE20C00E378B1 /* Info.plist */,
			);
			path = NcExtensionUI;
			sourceTree = "<group>";
		};
		B54C97AB1DFA7F89002F3F8F = {
			isa = PBXGroup;
			children = (
				B54C97B61DFA7F89002F3F8F /* com.hwabao.transaction */,
				B54C97D01DFA7F89002F3F8F /* com.hwabao.transactionTests */,
				B54C97DB1DFA7F89002F3F8F /* com.hwabao.transactionUITests */,
				B54C98131DFAB96B002F3F8F /* NcServiceExtension */,
				7679E1091DFBE20C00E378B1 /* NcExtensionUI */,
				B54C97B51DFA7F89002F3F8F /* Products */,
				B54C97F01DFA835C002F3F8F /* Frameworks */,
			);
			sourceTree = "<group>";
		};
		B54C97B51DFA7F89002F3F8F /* Products */ = {
			isa = PBXGroup;
			children = (
				B54C97B41DFA7F89002F3F8F /* fly.app */,
				B54C97CD1DFA7F89002F3F8F /* com.hwabao.transactionTests.xctest */,
				B54C97D81DFA7F89002F3F8F /* com.hwabao.transactionUITests.xctest */,
				B54C98121DFAB96B002F3F8F /* NcServiceExtension.appex */,
				7679E1061DFBE20C00E378B1 /* NcExtensionUI.appex */,
			);
			name = Products;
			sourceTree = "<group>";
		};
		B54C97B61DFA7F89002F3F8F /* com.hwabao.transaction */ = {
			isa = PBXGroup;
			children = (
				B54C980B1DFA83D2002F3F8F /* fly.entitlements */,
				B54C97BA1DFA7F89002F3F8F /* AppDelegate.h */,
				B54C97BB1DFA7F89002F3F8F /* AppDelegate.m */,
				B54C97BD1DFA7F89002F3F8F /* ViewController.h */,
				B54C97BE1DFA7F89002F3F8F /* ViewController.m */,
				B54C97C01DFA7F89002F3F8F /* Main.storyboard */,
				B54C97C31DFA7F89002F3F8F /* Assets.xcassets */,
				B54C980C1DFA874A002F3F8F /* image1.png */,
				B54C97C51DFA7F89002F3F8F /* LaunchScreen.storyboard */,
				B54C97C81DFA7F89002F3F8F /* Info.plist */,
				B54C97B71DFA7F89002F3F8F /* Supporting Files */,
			);
			path = com.hwabao.transaction;
			sourceTree = "<group>";
		};
		B54C97B71DFA7F89002F3F8F /* Supporting Files */ = {
			isa = PBXGroup;
			children = (
				B54C97B81DFA7F89002F3F8F /* main.m */,
			);
			name = "Supporting Files";
			sourceTree = "<group>";
		};
		B54C97D01DFA7F89002F3F8F /* com.hwabao.transactionTests */ = {
			isa = PBXGroup;
			children = (
				B54C97D11DFA7F89002F3F8F /* com_hwabao_transactionTests.m */,
				B54C97D31DFA7F89002F3F8F /* Info.plist */,
			);
			path = com.hwabao.transactionTests;
			sourceTree = "<group>";
		};
		B54C97DB1DFA7F89002F3F8F /* com.hwabao.transactionUITests */ = {
			isa = PBXGroup;
			children = (
				B54C97DC1DFA7F89002F3F8F /* com_hwabao_transactionUITests.m */,
				B54C97DE1DFA7F89002F3F8F /* Info.plist */,
			);
			path = com.hwabao.transactionUITests;
			sourceTree = "<group>";
		};
		B54C97F01DFA835C002F3F8F /* Frameworks */ = {
			isa = PBXGroup;
			children = (
				B54C98091DFA83C5002F3F8F /* libresolv.tbd */,
				B54C98071DFA83B6002F3F8F /* AdSupport.framework */,
				B54C98051DFA83AF002F3F8F /* libz.tbd */,
				B54C98031DFA83A3002F3F8F /* Security.framework */,
				B54C98011DFA839C002F3F8F /* UIKit.framework */,
				B54C97FF1DFA8397002F3F8F /* Foundation.framework */,
				B54C97FD1DFA8388002F3F8F /* CoreGraphics.framework */,
				B54C97FB1DFA8381002F3F8F /* SystemConfiguration.framework */,
				B54C97F91DFA837B002F3F8F /* CoreTelephony.framework */,
				B54C97F71DFA8373002F3F8F /* CoreFoundation.framework */,
				B54C97F51DFA8367002F3F8F /* UserNotificationsUI.framework */,
				B54C97F31DFA8362002F3F8F /* UserNotifications.framework */,
				B54C97F11DFA835C002F3F8F /* CFNetwork.framework */,
			);
			name = Frameworks;
			sourceTree = "<group>";
		};
		B54C98131DFAB96B002F3F8F /* NcServiceExtension */ = {
			isa = PBXGroup;
			children = (
				7679E1011DFBD0B200E378B1 /* NcServiceExtension.entitlements */,
				B54C98141DFAB96B002F3F8F /* NotificationService.h */,
				B54C98151DFAB96B002F3F8F /* NotificationService.m */,
				B54C98171DFAB96B002F3F8F /* Info.plist */,
			);
			path = NcServiceExtension;
			sourceTree = "<group>";
		};
/* End PBXGroup section */

/* Begin PBXNativeTarget section */
		7679E1051DFBE20C00E378B1 /* NcExtensionUI */ = {
			isa = PBXNativeTarget;
			buildConfigurationList = 7679E1141DFBE20C00E378B1 /* Build configuration list for PBXNativeTarget "NcExtensionUI" */;
			buildPhases = (
				7679E1021DFBE20C00E378B1 /* Sources */,
				7679E1031DFBE20C00E378B1 /* Frameworks */,
				7679E1041DFBE20C00E378B1 /* Resources */,
			);
			buildRules = (
			);
			dependencies = (
			);
			name = NcExtensionUI;
			productName = NcExtensionUI;
			productReference = 7679E1061DFBE20C00E378B1 /* NcExtensionUI.appex */;
			productType = "com.apple.product-type.app-extension";
		};
		B54C97B31DFA7F89002F3F8F /* com.hwabao.transaction */ = {
			isa = PBXNativeTarget;
			buildConfigurationList = B54C97E11DFA7F89002F3F8F /* Build configuration list for PBXNativeTarget "com.hwabao.transaction" */;
			buildPhases = (
				B54C97B01DFA7F89002F3F8F /* Sources */,
				B54C97B11DFA7F89002F3F8F /* Frameworks */,
				B54C97B21DFA7F89002F3F8F /* Resources */,
				B54C981E1DFAB96B002F3F8F /* Embed App Extensions */,
			);
			buildRules = (
			);
			dependencies = (
				B54C98191DFAB96B002F3F8F /* PBXTargetDependency */,
				7679E1121DFBE20C00E378B1 /* PBXTargetDependency */,
			);
			name = com.hwabao.transaction;
			productName = com.hwabao.transaction;
			productReference = B54C97B41DFA7F89002F3F8F /* fly.app */;
			productType = "com.apple.product-type.application";
		};
		B54C97CC1DFA7F89002F3F8F /* com.hwabao.transactionTests */ = {
			isa = PBXNativeTarget;
			buildConfigurationList = B54C97E41DFA7F89002F3F8F /* Build configuration list for PBXNativeTarget "com.hwabao.transactionTests" */;
			buildPhases = (
				B54C97C91DFA7F89002F3F8F /* Sources */,
				B54C97CA1DFA7F89002F3F8F /* Frameworks */,
				B54C97CB1DFA7F89002F3F8F /* Resources */,
			);
			buildRules = (
			);
			dependencies = (
				B54C97CF1DFA7F89002F3F8F /* PBXTargetDependency */,
			);
			name = com.hwabao.transactionTests;
			productName = com.hwabao.transactionTests;
			productReference = B54C97CD1DFA7F89002F3F8F /* com.hwabao.transactionTests.xctest */;
			productType = "com.apple.product-type.bundle.unit-test";
		};
		B54C97D71DFA7F89002F3F8F /* com.hwabao.transactionUITests */ = {
			isa = PBXNativeTarget;
			buildConfigurationList = B54C97E71DFA7F89002F3F8F /* Build configuration list for PBXNativeTarget "com.hwabao.transactionUITests" */;
			buildPhases = (
				B54C97D41DFA7F89002F3F8F /* Sources */,
				B54C97D51DFA7F89002F3F8F /* Frameworks */,
				B54C97D61DFA7F89002F3F8F /* Resources */,
			);
			buildRules = (
			);
			dependencies = (
				B54C97DA1DFA7F89002F3F8F /* PBXTargetDependency */,
			);
			name = com.hwabao.transactionUITests;
			productName = com.hwabao.transactionUITests;
			productReference = B54C97D81DFA7F89002F3F8F /* com.hwabao.transactionUITests.xctest */;
			productType = "com.apple.product-type.bundle.ui-testing";
		};
		B54C98111DFAB96B002F3F8F /* NcServiceExtension */ = {
			isa = PBXNativeTarget;
			buildConfigurationList = B54C981B1DFAB96B002F3F8F /* Build configuration list for PBXNativeTarget "NcServiceExtension" */;
			buildPhases = (
				B54C980E1DFAB96B002F3F8F /* Sources */,
				B54C980F1DFAB96B002F3F8F /* Frameworks */,
				B54C98101DFAB96B002F3F8F /* Resources */,
			);
			buildRules = (
			);
			dependencies = (
			);
			name = NcServiceExtension;
			productName = NcServiceExtension;
			productReference = B54C98121DFAB96B002F3F8F /* NcServiceExtension.appex */;
			productType = "com.apple.product-type.app-extension";
		};
/* End PBXNativeTarget section */

/* Begin PBXProject section */
		B54C97AC1DFA7F89002F3F8F /* Project object */ = {
			isa = PBXProject;
			attributes = {
				LastUpgradeCheck = 0810;
				ORGANIZATIONNAME = ToukerApp;
				TargetAttributes = {
					7679E1051DFBE20C00E378B1 = {
						CreatedOnToolsVersion = 8.1;
						DevelopmentTeam = QG479838Q3;
						ProvisioningStyle = Automatic;
						SystemCapabilities = {
							com.apple.Push = {
								enabled = 1;
							};
						};
					};
					B54C97B31DFA7F89002F3F8F = {
						CreatedOnToolsVersion = 8.1;
						DevelopmentTeam = QG479838Q3;
						ProvisioningStyle = Manual;
						SystemCapabilities = {
							com.apple.Push = {
								enabled = 1;
							};
						};
					};
					B54C97CC1DFA7F89002F3F8F = {
						CreatedOnToolsVersion = 8.1;
						DevelopmentTeam = QG479838Q3;
						ProvisioningStyle = Automatic;
						TestTargetID = B54C97B31DFA7F89002F3F8F;
					};
					B54C97D71DFA7F89002F3F8F = {
						CreatedOnToolsVersion = 8.1;
						DevelopmentTeam = QG479838Q3;
						ProvisioningStyle = Automatic;
						TestTargetID = B54C97B31DFA7F89002F3F8F;
					};
					B54C98111DFAB96B002F3F8F = {
						CreatedOnToolsVersion = 8.1;
						DevelopmentTeam = QG479838Q3;
						ProvisioningStyle = Automatic;
						SystemCapabilities = {
							com.apple.Push = {
								enabled = 1;
							};
						};
					};
				};
			};
			buildConfigurationList = B54C97AF1DFA7F89002F3F8F /* Build configuration list for PBXProject "com.hwabao.transaction" */;
			compatibilityVersion = "Xcode 3.2";
			developmentRegion = English;
			hasScannedForEncodings = 0;
			knownRegions = (
				en,
				Base,
			);
			mainGroup = B54C97AB1DFA7F89002F3F8F;
			productRefGroup = B54C97B51DFA7F89002F3F8F /* Products */;
			projectDirPath = "";
			projectRoot = "";
			targets = (
				B54C97B31DFA7F89002F3F8F /* com.hwabao.transaction */,
				B54C97CC1DFA7F89002F3F8F /* com.hwabao.transactionTests */,
				B54C97D71DFA7F89002F3F8F /* com.hwabao.transactionUITests */,
				B54C98111DFAB96B002F3F8F /* NcServiceExtension */,
				7679E1051DFBE20C00E378B1 /* NcExtensionUI */,
			);
		};
/* End PBXProject section */

/* Begin PBXResourcesBuildPhase section */
		7679E1041DFBE20C00E378B1 /* Resources */ = {
			isa = PBXResourcesBuildPhase;
			buildActionMask = 2147483647;
			files = (
				7679E10F1DFBE20C00E378B1 /* MainInterface.storyboard in Resources */,
				7679E11A1DFBEFEE00E378B1 /* assembly.png in Resources */,
			);
			runOnlyForDeploymentPostprocessing = 0;
		};
		B54C97B21DFA7F89002F3F8F /* Resources */ = {
			isa = PBXResourcesBuildPhase;
			buildActionMask = 2147483647;
			files = (
				B54C980D1DFA874B002F3F8F /* image1.png in Resources */,
				B54C97C71DFA7F89002F3F8F /* LaunchScreen.storyboard in Resources */,
				B54C97C41DFA7F89002F3F8F /* Assets.xcassets in Resources */,
				B54C97C21DFA7F89002F3F8F /* Main.storyboard in Resources */,
			);
			runOnlyForDeploymentPostprocessing = 0;
		};
		B54C97CB1DFA7F89002F3F8F /* Resources */ = {
			isa = PBXResourcesBuildPhase;
			buildActionMask = 2147483647;
			files = (
			);
			runOnlyForDeploymentPostprocessing = 0;
		};
		B54C97D61DFA7F89002F3F8F /* Resources */ = {
			isa = PBXResourcesBuildPhase;
			buildActionMask = 2147483647;
			files = (
			);
			runOnlyForDeploymentPostprocessing = 0;
		};
		B54C98101DFAB96B002F3F8F /* Resources */ = {
			isa = PBXResourcesBuildPhase;
			buildActionMask = 2147483647;
			files = (
			);
			runOnlyForDeploymentPostprocessing = 0;
		};
/* End PBXResourcesBuildPhase section */

/* Begin PBXSourcesBuildPhase section */
		7679E1021DFBE20C00E378B1 /* Sources */ = {
			isa = PBXSourcesBuildPhase;
			buildActionMask = 2147483647;
			files = (
				7679E10C1DFBE20C00E378B1 /* NotificationViewController.m in Sources */,
			);
			runOnlyForDeploymentPostprocessing = 0;
		};
		B54C97B01DFA7F89002F3F8F /* Sources */ = {
			isa = PBXSourcesBuildPhase;
			buildActionMask = 2147483647;
			files = (
				B54C97BF1DFA7F89002F3F8F /* ViewController.m in Sources */,
				B54C97BC1DFA7F89002F3F8F /* AppDelegate.m in Sources */,
				B54C97B91DFA7F89002F3F8F /* main.m in Sources */,
			);
			runOnlyForDeploymentPostprocessing = 0;
		};
		B54C97C91DFA7F89002F3F8F /* Sources */ = {
			isa = PBXSourcesBuildPhase;
			buildActionMask = 2147483647;
			files = (
				B54C97D21DFA7F89002F3F8F /* com_hwabao_transactionTests.m in Sources */,
			);
			runOnlyForDeploymentPostprocessing = 0;
		};
		B54C97D41DFA7F89002F3F8F /* Sources */ = {
			isa = PBXSourcesBuildPhase;
			buildActionMask = 2147483647;
			files = (
				B54C97DD1DFA7F89002F3F8F /* com_hwabao_transactionUITests.m in Sources */,
			);
			runOnlyForDeploymentPostprocessing = 0;
		};
		B54C980E1DFAB96B002F3F8F /* Sources */ = {
			isa = PBXSourcesBuildPhase;
			buildActionMask = 2147483647;
			files = (
				B54C98161DFAB96B002F3F8F /* NotificationService.m in Sources */,
			);
			runOnlyForDeploymentPostprocessing = 0;
		};
/* End PBXSourcesBuildPhase section */

/* Begin PBXTargetDependency section */
		7679E1121DFBE20C00E378B1 /* PBXTargetDependency */ = {
			isa = PBXTargetDependency;
			target = 7679E1051DFBE20C00E378B1 /* NcExtensionUI */;
			targetProxy = 7679E1111DFBE20C00E378B1 /* PBXContainerItemProxy */;
		};
		B54C97CF1DFA7F89002F3F8F /* PBXTargetDependency */ = {
			isa = PBXTargetDependency;
			target = B54C97B31DFA7F89002F3F8F /* com.hwabao.transaction */;
			targetProxy = B54C97CE1DFA7F89002F3F8F /* PBXContainerItemProxy */;
		};
		B54C97DA1DFA7F89002F3F8F /* PBXTargetDependency */ = {
			isa = PBXTargetDependency;
			target = B54C97B31DFA7F89002F3F8F /* com.hwabao.transaction */;
			targetProxy = B54C97D91DFA7F89002F3F8F /* PBXContainerItemProxy */;
		};
		B54C98191DFAB96B002F3F8F /* PBXTargetDependency */ = {
			isa = PBXTargetDependency;
			target = B54C98111DFAB96B002F3F8F /* NcServiceExtension */;
			targetProxy = B54C98181DFAB96B002F3F8F /* PBXContainerItemProxy */;
		};
/* End PBXTargetDependency section */

/* Begin PBXVariantGroup section */
		7679E10D1DFBE20C00E378B1 /* MainInterface.storyboard */ = {
			isa = PBXVariantGroup;
			children = (
				7679E10E1DFBE20C00E378B1 /* Base */,
			);
			name = MainInterface.storyboard;
			sourceTree = "<group>";
		};
		B54C97C01DFA7F89002F3F8F /* Main.storyboard */ = {
			isa = PBXVariantGroup;
			children = (
				B54C97C11DFA7F89002F3F8F /* Base */,
			);
			name = Main.storyboard;
			sourceTree = "<group>";
		};
		B54C97C51DFA7F89002F3F8F /* LaunchScreen.storyboard */ = {
			isa = PBXVariantGroup;
			children = (
				B54C97C61DFA7F89002F3F8F /* Base */,
			);
			name = LaunchScreen.storyboard;
			sourceTree = "<group>";
		};
/* End PBXVariantGroup section */

/* Begin XCBuildConfiguration section */
		7679E1151DFBE20C00E378B1 /* Debug */ = {
			isa = XCBuildConfiguration;
			buildSettings = {
				CODE_SIGN_ENTITLEMENTS = NcExtensionUI/NcExtensionUI.entitlements;
				DEVELOPMENT_TEAM = QG479838Q3;
				INFOPLIST_FILE = NcExtensionUI/Info.plist;
				LD_RUNPATH_SEARCH_PATHS = "$(inherited) @executable_path/Frameworks @executable_path/../../Frameworks";
				PRODUCT_BUNDLE_IDENTIFIER = com.xxx.fly.NcExtensionUI;
				PRODUCT_NAME = "$(TARGET_NAME)";
				SKIP_INSTALL = YES;
			};
			name = Debug;
		};
		7679E1161DFBE20C00E378B1 /* Release */ = {
			isa = XCBuildConfiguration;
			buildSettings = {
				CODE_SIGN_ENTITLEMENTS = NcExtensionUI/NcExtensionUI.entitlements;
				DEVELOPMENT_TEAM = QG479838Q3;
				INFOPLIST_FILE = NcExtensionUI/Info.plist;
				LD_RUNPATH_SEARCH_PATHS = "$(inherited) @executable_path/Frameworks @executable_path/../../Frameworks";
				PRODUCT_BUNDLE_IDENTIFIER = com.xxx.fly.NcExtensionUI;
				PRODUCT_NAME = "$(TARGET_NAME)";
				SKIP_INSTALL = YES;
			};
			name = Release;
		};
		B54C97DF1DFA7F89002F3F8F /* Debug */ = {
			isa = XCBuildConfiguration;
			buildSettings = {
				ALWAYS_SEARCH_USER_PATHS = NO;
				CLANG_ANALYZER_NONNULL = YES;
				CLANG_CXX_LANGUAGE_STANDARD = "gnu++0x";
				CLANG_CXX_LIBRARY = "libc++";
				CLANG_ENABLE_MODULES = YES;
				CLANG_ENABLE_OBJC_ARC = YES;
				CLANG_WARN_BOOL_CONVERSION = YES;
				CLANG_WARN_CONSTANT_CONVERSION = YES;
				CLANG_WARN_DIRECT_OBJC_ISA_USAGE = YES_ERROR;
				CLANG_WARN_DOCUMENTATION_COMMENTS = YES;
				CLANG_WARN_EMPTY_BODY = YES;
				CLANG_WARN_ENUM_CONVERSION = YES;
				CLANG_WARN_INFINITE_RECURSION = YES;
				CLANG_WARN_INT_CONVERSION = YES;
				CLANG_WARN_OBJC_ROOT_CLASS = YES_ERROR;
				CLANG_WARN_SUSPICIOUS_MOVES = YES;
				CLANG_WARN_UNREACHABLE_CODE = YES;
				CLANG_WARN__DUPLICATE_METHOD_MATCH = YES;
				"CODE_SIGN_IDENTITY[sdk=iphoneos*]" = "iPhone Developer";
				COPY_PHASE_STRIP = NO;
				DEBUG_INFORMATION_FORMAT = dwarf;
				ENABLE_STRICT_OBJC_MSGSEND = YES;
				ENABLE_TESTABILITY = YES;
				GCC_C_LANGUAGE_STANDARD = gnu99;
				GCC_DYNAMIC_NO_PIC = NO;
				GCC_NO_COMMON_BLOCKS = YES;
				GCC_OPTIMIZATION_LEVEL = 0;
				GCC_PREPROCESSOR_DEFINITIONS = (
					"DEBUG=1",
					"$(inherited)",
				);
				GCC_WARN_64_TO_32_BIT_CONVERSION = YES;
				GCC_WARN_ABOUT_RETURN_TYPE = YES_ERROR;
				GCC_WARN_UNDECLARED_SELECTOR = YES;
				GCC_WARN_UNINITIALIZED_AUTOS = YES_AGGRESSIVE;
				GCC_WARN_UNUSED_FUNCTION = YES;
				GCC_WARN_UNUSED_VARIABLE = YES;
				IPHONEOS_DEPLOYMENT_TARGET = 10.1;
				MTL_ENABLE_DEBUG_INFO = YES;
				ONLY_ACTIVE_ARCH = YES;
				SDKROOT = iphoneos;
			};
			name = Debug;
		};
		B54C97E01DFA7F89002F3F8F /* Release */ = {
			isa = XCBuildConfiguration;
			buildSettings = {
				ALWAYS_SEARCH_USER_PATHS = NO;
				CLANG_ANALYZER_NONNULL = YES;
				CLANG_CXX_LANGUAGE_STANDARD = "gnu++0x";
				CLANG_CXX_LIBRARY = "libc++";
				CLANG_ENABLE_MODULES = YES;
				CLANG_ENABLE_OBJC_ARC = YES;
				CLANG_WARN_BOOL_CONVERSION = YES;
				CLANG_WARN_CONSTANT_CONVERSION = YES;
				CLANG_WARN_DIRECT_OBJC_ISA_USAGE = YES_ERROR;
				CLANG_WARN_DOCUMENTATION_COMMENTS = YES;
				CLANG_WARN_EMPTY_BODY = YES;
				CLANG_WARN_ENUM_CONVERSION = YES;
				CLANG_WARN_INFINITE_RECURSION = YES;
				CLANG_WARN_INT_CONVERSION = YES;
				CLANG_WARN_OBJC_ROOT_CLASS = YES_ERROR;
				CLANG_WARN_SUSPICIOUS_MOVES = YES;
				CLANG_WARN_UNREACHABLE_CODE = YES;
				CLANG_WARN__DUPLICATE_METHOD_MATCH = YES;
				"CODE_SIGN_IDENTITY[sdk=iphoneos*]" = "iPhone Developer";
				COPY_PHASE_STRIP = NO;
				DEBUG_INFORMATION_FORMAT = "dwarf-with-dsym";
				ENABLE_NS_ASSERTIONS = NO;
				ENABLE_STRICT_OBJC_MSGSEND = YES;
				GCC_C_LANGUAGE_STANDARD = gnu99;
				GCC_NO_COMMON_BLOCKS = YES;
				GCC_WARN_64_TO_32_BIT_CONVERSION = YES;
				GCC_WARN_ABOUT_RETURN_TYPE = YES_ERROR;
				GCC_WARN_UNDECLARED_SELECTOR = YES;
				GCC_WARN_UNINITIALIZED_AUTOS = YES_AGGRESSIVE;
				GCC_WARN_UNUSED_FUNCTION = YES;
				GCC_WARN_UNUSED_VARIABLE = YES;
				IPHONEOS_DEPLOYMENT_TARGET = 10.1;
				MTL_ENABLE_DEBUG_INFO = NO;
				SDKROOT = iphoneos;
				VALIDATE_PRODUCT = YES;
			};
			name = Release;
		};
		B54C97E21DFA7F89002F3F8F /* Debug */ = {
			isa = XCBuildConfiguration;
			buildSettings = {
				ASSETCATALOG_COMPILER_APPICON_NAME = AppIcon;
				CODE_SIGN_ENTITLEMENTS = com.hwabao.transaction/fly.entitlements;
				"CODE_SIGN_IDENTITY[sdk=iphoneos*]" = "iPhone Developer";
				DEVELOPMENT_TEAM = QG479838Q3;
				INFOPLIST_FILE = com.hwabao.transaction/Info.plist;
				LD_RUNPATH_SEARCH_PATHS = "$(inherited) @executable_path/Frameworks";
				LIBRARY_SEARCH_PATHS = (
					"$(inherited)",
					"$(PROJECT_DIR)/com.hwabao.transaction/JPush_2.2",
				);
				PRODUCT_BUNDLE_IDENTIFIER = com.xxx.fly;
				PRODUCT_NAME = fly;
				PROVISIONING_PROFILE = "cd3c2780-bfc0-4084-8b11-daabeef6a746";
				PROVISIONING_PROFILE_SPECIFIER = fly;
			};
			name = Debug;
		};
		B54C97E31DFA7F89002F3F8F /* Release */ = {
			isa = XCBuildConfiguration;
			buildSettings = {
				ASSETCATALOG_COMPILER_APPICON_NAME = AppIcon;
				CODE_SIGN_ENTITLEMENTS = com.hwabao.transaction/fly.entitlements;
				"CODE_SIGN_IDENTITY[sdk=iphoneos*]" = "iPhone Developer";
				DEVELOPMENT_TEAM = "";
				INFOPLIST_FILE = com.hwabao.transaction/Info.plist;
				LD_RUNPATH_SEARCH_PATHS = "$(inherited) @executable_path/Frameworks";
				LIBRARY_SEARCH_PATHS = (
					"$(inherited)",
					"$(PROJECT_DIR)/com.hwabao.transaction/JPush_2.2",
				);
				PRODUCT_BUNDLE_IDENTIFIER = com.xxx.fly;
				PRODUCT_NAME = fly;
			};
			name = Release;
		};
		B54C97E51DFA7F89002F3F8F /* Debug */ = {
			isa = XCBuildConfiguration;
			buildSettings = {
				BUNDLE_LOADER = "$(TEST_HOST)";
				DEVELOPMENT_TEAM = QG479838Q3;
				INFOPLIST_FILE = com.hwabao.transactionTests/Info.plist;
				LD_RUNPATH_SEARCH_PATHS = "$(inherited) @executable_path/Frameworks @loader_path/Frameworks";
				PRODUCT_BUNDLE_IDENTIFIER = "com.com-hwabao-transactionTests";
				PRODUCT_NAME = "$(TARGET_NAME)";
				TEST_HOST = "$(BUILT_PRODUCTS_DIR)/com.hwabao.transaction.app/com.hwabao.transaction";
			};
			name = Debug;
		};
		B54C97E61DFA7F89002F3F8F /* Release */ = {
			isa = XCBuildConfiguration;
			buildSettings = {
				BUNDLE_LOADER = "$(TEST_HOST)";
				DEVELOPMENT_TEAM = QG479838Q3;
				INFOPLIST_FILE = com.hwabao.transactionTests/Info.plist;
				LD_RUNPATH_SEARCH_PATHS = "$(inherited) @executable_path/Frameworks @loader_path/Frameworks";
				PRODUCT_BUNDLE_IDENTIFIER = "com.com-hwabao-transactionTests";
				PRODUCT_NAME = "$(TARGET_NAME)";
				TEST_HOST = "$(BUILT_PRODUCTS_DIR)/com.hwabao.transaction.app/com.hwabao.transaction";
			};
			name = Release;
		};
		B54C97E81DFA7F89002F3F8F /* Debug */ = {
			isa = XCBuildConfiguration;
			buildSettings = {
				DEVELOPMENT_TEAM = QG479838Q3;
				INFOPLIST_FILE = com.hwabao.transactionUITests/Info.plist;
				LD_RUNPATH_SEARCH_PATHS = "$(inherited) @executable_path/Frameworks @loader_path/Frameworks";
				PRODUCT_BUNDLE_IDENTIFIER = "com.com-hwabao-transactionUITests";
				PRODUCT_NAME = "$(TARGET_NAME)";
				TEST_TARGET_NAME = com.hwabao.transaction;
			};
			name = Debug;
		};
		B54C97E91DFA7F89002F3F8F /* Release */ = {
			isa = XCBuildConfiguration;
			buildSettings = {
				DEVELOPMENT_TEAM = QG479838Q3;
				INFOPLIST_FILE = com.hwabao.transactionUITests/Info.plist;
				LD_RUNPATH_SEARCH_PATHS = "$(inherited) @executable_path/Frameworks @loader_path/Frameworks";
				PRODUCT_BUNDLE_IDENTIFIER = "com.com-hwabao-transactionUITests";
				PRODUCT_NAME = "$(TARGET_NAME)";
				TEST_TARGET_NAME = com.hwabao.transaction;
			};
			name = Release;
		};
		B54C981C1DFAB96B002F3F8F /* Debug */ = {
			isa = XCBuildConfiguration;
			buildSettings = {
				CODE_SIGN_ENTITLEMENTS = NcServiceExtension/NcServiceExtension.entitlements;
				"CODE_SIGN_IDENTITY[sdk=iphoneos*]" = "iPhone Developer";
				DEVELOPMENT_TEAM = QG479838Q3;
				INFOPLIST_FILE = NcServiceExtension/Info.plist;
				LD_RUNPATH_SEARCH_PATHS = "$(inherited) @executable_path/Frameworks @executable_path/../../Frameworks";
				PRODUCT_BUNDLE_IDENTIFIER = com.xxx.fly.NcServiceExtension;
				PRODUCT_NAME = "$(TARGET_NAME)";
				SKIP_INSTALL = YES;
			};
			name = Debug;
		};
		B54C981D1DFAB96B002F3F8F /* Release */ = {
			isa = XCBuildConfiguration;
			buildSettings = {
				CODE_SIGN_ENTITLEMENTS = NcServiceExtension/NcServiceExtension.entitlements;
				"CODE_SIGN_IDENTITY[sdk=iphoneos*]" = "iPhone Developer";
				DEVELOPMENT_TEAM = QG479838Q3;
				INFOPLIST_FILE = NcServiceExtension/Info.plist;
				LD_RUNPATH_SEARCH_PATHS = "$(inherited) @executable_path/Frameworks @executable_path/../../Frameworks";
				PRODUCT_BUNDLE_IDENTIFIER = com.xxx.fly.NcServiceExtension;
				PRODUCT_NAME = "$(TARGET_NAME)";
				SKIP_INSTALL = YES;
			};
			name = Release;
		};
/* End XCBuildConfiguration section */

/* Begin XCConfigurationList section */
		7679E1141DFBE20C00E378B1 /* Build configuration list for PBXNativeTarget "NcExtensionUI" */ = {
			isa = XCConfigurationList;
			buildConfigurations = (
				7679E1151DFBE20C00E378B1 /* Debug */,
				7679E1161DFBE20C00E378B1 /* Release */,
			);
			defaultConfigurationIsVisible = 0;
			defaultConfigurationName = Release;
		};
		B54C97AF1DFA7F89002F3F8F /* Build configuration list for PBXProject "com.hwabao.transaction" */ = {
			isa = XCConfigurationList;
			buildConfigurations = (
				B54C97DF1DFA7F89002F3F8F /* Debug */,
				B54C97E01DFA7F89002F3F8F /* Release */,
			);
			defaultConfigurationIsVisible = 0;
			defaultConfigurationName = Release;
		};
		B54C97E11DFA7F89002F3F8F /* Build configuration list for PBXNativeTarget "com.hwabao.transaction" */ = {
			isa = XCConfigurationList;
			buildConfigurations = (
				B54C97E21DFA7F89002F3F8F /* Debug */,
				B54C97E31DFA7F89002F3F8F /* Release */,
			);
			defaultConfigurationIsVisible = 0;
			defaultConfigurationName = Release;
		};
		B54C97E41DFA7F89002F3F8F /* Build configuration list for PBXNativeTarget "com.hwabao.transactionTests" */ = {
			isa = XCConfigurationList;
			buildConfigurations = (
				B54C97E51DFA7F89002F3F8F /* Debug */,
				B54C97E61DFA7F89002F3F8F /* Release */,
			);
			defaultConfigurationIsVisible = 0;
			defaultConfigurationName = Release;
		};
		B54C97E71DFA7F89002F3F8F /* Build configuration list for PBXNativeTarget "com.hwabao.transactionUITests" */ = {
			isa = XCConfigurationList;
			buildConfigurations = (
				B54C97E81DFA7F89002F3F8F /* Debug */,
				B54C97E91DFA7F89002F3F8F /* Release */,
			);
			defaultConfigurationIsVisible = 0;
			defaultConfigurationName = Release;
		};
		B54C981B1DFAB96B002F3F8F /* Build configuration list for PBXNativeTarget "NcServiceExtension" */ = {
			isa = XCConfigurationList;
			buildConfigurations = (
				B54C981C1DFAB96B002F3F8F /* Debug */,
				B54C981D1DFAB96B002F3F8F /* Release */,
			);
			defaultConfigurationIsVisible = 0;
			defaultConfigurationName = Release;
		};
/* End XCConfigurationList section */
	};
	rootObject = B54C97AC1DFA7F89002F3F8F /* Project object */;
}
